
Microsoft Visual Studio Solution File, Format Version 12.00
# Visual Studio Version 16
VisualStudioVersion = 16.0.30128.74
MinimumVisualStudioVersion = 10.0.40219.1
Project("{FAE04EC0-301F-11D3-BF4B-00C04F79EFBC}") = "CalculateAgeinSeconds", "CalculateAgeinSeconds\CalculateAgeinSeconds.csproj", "{4D85165A-E6D1-4CAB-A7D7-A240EB75E7CA}"
EndProject
Global
	GlobalSection(SolutionConfigurationPlatforms) = preSolution
		Debug|Any CPU = Debug|Any CPU
		Release|Any CPU = Release|Any CPU
	EndGlobalSection
	GlobalSection(ProjectConfigurationPlatforms) = postSolution
		{4D85165A-E6D1-4CAB-A7D7-A240EB75E7CA}.Debug|Any CPU.ActiveCfg = Debug|Any CPU
		{4D85165A-E6D1-4CAB-A7D7-A240EB75E7CA}.Debug|Any CPU.Build.0 = Debug|Any CPU
		{4D85165A-E6D1-4CAB-A7D7-A240EB75E7CA}.Release|Any CPU.ActiveCfg = Release|Any CPU
		{4D85165A-E6D1-4CAB-A7D7-A240EB75E7CA}.Release|Any CPU.Build.0 = Release|Any CPU
	EndGlobalSection
	GlobalSection(SolutionProperties) = preSolution
		HideSolutionNode = FALSE
	EndGlobalSection
	GlobalSection(ExtensibilityGlobals) = postSolution
		SolutionGuid = {9244710E-BA5A-440B-ADD9-6247FE83854D}
	EndGlobalSection
EndGlobal
